
Microsoft Visual Studio Solution File, Format Version 12.00
# Visual Studio 15
VisualStudioVersion = 15.0.27130.2010
MinimumVisualStudioVersion = 10.0.40219.1
Project("{9A19103F-16F7-4668-BE54-9A1E7A4F7556}") = "WebAPI", "WebAPI\WebAPI.csproj", "{C6831B1C-F5E4-4FBA-859E-E6A5CC80DA43}"
EndProject
Project("{FAE04EC0-301F-11D3-BF4B-00C04F79EFBC}") = "APIWrapper", "APIWrapper\APIWrapper.csproj", "{8145492C-213F-4071-A663-40EEAF5333DC}"
EndProject
Global
	GlobalSection(SolutionConfigurationPlatforms) = preSolution
		Debug|Any CPU = Debug|Any CPU
		Release|Any CPU = Release|Any CPU
	EndGlobalSection
	GlobalSection(ProjectConfigurationPlatforms) = postSolution
		{C6831B1C-F5E4-4FBA-859E-E6A5CC80DA43}.Debug|Any CPU.ActiveCfg = Debug|Any CPU
		{C6831B1C-F5E4-4FBA-859E-E6A5CC80DA43}.Debug|Any CPU.Build.0 = Debug|Any CPU
		{C6831B1C-F5E4-4FBA-859E-E6A5CC80DA43}.Release|Any CPU.ActiveCfg = Release|Any CPU
		{C6831B1C-F5E4-4FBA-859E-E6A5CC80DA43}.Release|Any CPU.Build.0 = Release|Any CPU
		{8145492C-213F-4071-A663-40EEAF5333DC}.Debug|Any CPU.ActiveCfg = Debug|Any CPU
		{8145492C-213F-4071-A663-40EEAF5333DC}.Debug|Any CPU.Build.0 = Debug|Any CPU
		{8145492C-213F-4071-A663-40EEAF5333DC}.Release|Any CPU.ActiveCfg = Release|Any CPU
		{8145492C-213F-4071-A663-40EEAF5333DC}.Release|Any CPU.Build.0 = Release|Any CPU
	EndGlobalSection
	GlobalSection(SolutionProperties) = preSolution
		HideSolutionNode = FALSE
	EndGlobalSection
	GlobalSection(ExtensibilityGlobals) = postSolution
		SolutionGuid = {E3E1C83F-EF40-4AA6-BAD3-2B7D17A2D09A}
	EndGlobalSection
EndGlobal
