
Microsoft Visual Studio Solution File, Format Version 12.00
# Visual Studio Version 16
VisualStudioVersion = 16.0.29519.181
MinimumVisualStudioVersion = 10.0.40219.1
Project("{9A19103F-16F7-4668-BE54-9A1E7A4F7556}") = "WebAPI", "WebAPI\WebAPI.csproj", "{C6831B1C-F5E4-4FBA-859E-E6A5CC80DA43}"
EndProject
Project("{9A19103F-16F7-4668-BE54-9A1E7A4F7556}") = "APIWrapper", "APIWrapper\APIWrapper.csproj", "{8145492C-213F-4071-A663-40EEAF5333DC}"
EndProject
Project("{9A19103F-16F7-4668-BE54-9A1E7A4F7556}") = "Backend", "Backend\Backend.csproj", "{24A811E8-10B5-4CDA-BECD-447E84DEE238}"
EndProject
Project("{9A19103F-16F7-4668-BE54-9A1E7A4F7556}") = "Entities", "Entities\Entities.csproj", "{80D1B9D3-DBC6-42B8-B2E3-EC59A965E955}"
EndProject
Project("{2150E333-8FDC-42A3-9474-1A3956D46DE8}") = "Tests", "Tests", "{2B48E3B6-DE36-4B37-AE0B-3C85912E3942}"
EndProject
Project("{9A19103F-16F7-4668-BE54-9A1E7A4F7556}") = "BackendTest", "Tests\BackendTest\BackendTest.csproj", "{AEA98F2A-6A42-4A5B-82E1-BFC67890525F}"
EndProject
Project("{2150E333-8FDC-42A3-9474-1A3956D46DE8}") = "SonarQube", "SonarQube", "{5D87D4A8-E5F1-4505-A860-6AE161A510C7}"
	ProjectSection(SolutionItems) = preProject
		SonarQube\SolutionBinding.sqconfig = SonarQube\SolutionBinding.sqconfig
		SonarQube\SwapifyCSharp.ruleset = SonarQube\SwapifyCSharp.ruleset
	EndProjectSection
EndProject
Project("{9A19103F-16F7-4668-BE54-9A1E7A4F7556}") = "IntegrationTest", "Tests\IntegrationTest\IntegrationTest.csproj", "{47DE3159-8875-4F29-918F-75FE040BE6EE}"
EndProject
Project("{9A19103F-16F7-4668-BE54-9A1E7A4F7556}") = "CoursesParser", "CoursesParser\CoursesParser.csproj", "{E9CC6930-201D-474A-A306-9EADDFA3470D}"
EndProject
Project("{2150E333-8FDC-42A3-9474-1A3956D46DE8}") = "WebApp", "WebApp", "{8C80EC8D-945F-42BE-B6E1-3D53458569DD}"
	ProjectSection(SolutionItems) = preProject
		WebApp\.gitignore = WebApp\.gitignore
		WebApp\package-lock.json = WebApp\package-lock.json
		WebApp\package.json = WebApp\package.json
		WebApp\webpack.config.dev.js = WebApp\webpack.config.dev.js
		WebApp\webpack.config.prod.js = WebApp\webpack.config.prod.js
	EndProjectSection
EndProject
Global
	GlobalSection(SolutionConfigurationPlatforms) = preSolution
		Debug|Any CPU = Debug|Any CPU
		Release|Any CPU = Release|Any CPU
	EndGlobalSection
	GlobalSection(ProjectConfigurationPlatforms) = postSolution
		{C6831B1C-F5E4-4FBA-859E-E6A5CC80DA43}.Debug|Any CPU.ActiveCfg = Debug|Any CPU
		{C6831B1C-F5E4-4FBA-859E-E6A5CC80DA43}.Debug|Any CPU.Build.0 = Debug|Any CPU
		{C6831B1C-F5E4-4FBA-859E-E6A5CC80DA43}.Release|Any CPU.ActiveCfg = Release|Any CPU
		{C6831B1C-F5E4-4FBA-859E-E6A5CC80DA43}.Release|Any CPU.Build.0 = Release|Any CPU
		{8145492C-213F-4071-A663-40EEAF5333DC}.Debug|Any CPU.ActiveCfg = Debug|Any CPU
		{8145492C-213F-4071-A663-40EEAF5333DC}.Debug|Any CPU.Build.0 = Debug|Any CPU
		{8145492C-213F-4071-A663-40EEAF5333DC}.Release|Any CPU.ActiveCfg = Release|Any CPU
		{8145492C-213F-4071-A663-40EEAF5333DC}.Release|Any CPU.Build.0 = Release|Any CPU
		{24A811E8-10B5-4CDA-BECD-447E84DEE238}.Debug|Any CPU.ActiveCfg = Debug|Any CPU
		{24A811E8-10B5-4CDA-BECD-447E84DEE238}.Debug|Any CPU.Build.0 = Debug|Any CPU
		{24A811E8-10B5-4CDA-BECD-447E84DEE238}.Release|Any CPU.ActiveCfg = Release|Any CPU
		{24A811E8-10B5-4CDA-BECD-447E84DEE238}.Release|Any CPU.Build.0 = Release|Any CPU
		{80D1B9D3-DBC6-42B8-B2E3-EC59A965E955}.Debug|Any CPU.ActiveCfg = Debug|Any CPU
		{80D1B9D3-DBC6-42B8-B2E3-EC59A965E955}.Debug|Any CPU.Build.0 = Debug|Any CPU
		{80D1B9D3-DBC6-42B8-B2E3-EC59A965E955}.Release|Any CPU.ActiveCfg = Release|Any CPU
		{80D1B9D3-DBC6-42B8-B2E3-EC59A965E955}.Release|Any CPU.Build.0 = Release|Any CPU
		{AEA98F2A-6A42-4A5B-82E1-BFC67890525F}.Debug|Any CPU.ActiveCfg = Debug|Any CPU
		{AEA98F2A-6A42-4A5B-82E1-BFC67890525F}.Debug|Any CPU.Build.0 = Debug|Any CPU
		{AEA98F2A-6A42-4A5B-82E1-BFC67890525F}.Release|Any CPU.ActiveCfg = Release|Any CPU
		{AEA98F2A-6A42-4A5B-82E1-BFC67890525F}.Release|Any CPU.Build.0 = Release|Any CPU
		{47DE3159-8875-4F29-918F-75FE040BE6EE}.Debug|Any CPU.ActiveCfg = Debug|Any CPU
		{47DE3159-8875-4F29-918F-75FE040BE6EE}.Debug|Any CPU.Build.0 = Debug|Any CPU
		{47DE3159-8875-4F29-918F-75FE040BE6EE}.Release|Any CPU.ActiveCfg = Release|Any CPU
		{47DE3159-8875-4F29-918F-75FE040BE6EE}.Release|Any CPU.Build.0 = Release|Any CPU
		{E9CC6930-201D-474A-A306-9EADDFA3470D}.Debug|Any CPU.ActiveCfg = Debug|Any CPU
		{E9CC6930-201D-474A-A306-9EADDFA3470D}.Debug|Any CPU.Build.0 = Debug|Any CPU
		{E9CC6930-201D-474A-A306-9EADDFA3470D}.Release|Any CPU.ActiveCfg = Release|Any CPU
		{E9CC6930-201D-474A-A306-9EADDFA3470D}.Release|Any CPU.Build.0 = Release|Any CPU
	EndGlobalSection
	GlobalSection(SolutionProperties) = preSolution
		HideSolutionNode = FALSE
	EndGlobalSection
	GlobalSection(NestedProjects) = preSolution
		{AEA98F2A-6A42-4A5B-82E1-BFC67890525F} = {2B48E3B6-DE36-4B37-AE0B-3C85912E3942}
		{47DE3159-8875-4F29-918F-75FE040BE6EE} = {2B48E3B6-DE36-4B37-AE0B-3C85912E3942}
	EndGlobalSection
	GlobalSection(ExtensibilityGlobals) = postSolution
		SolutionGuid = {E3E1C83F-EF40-4AA6-BAD3-2B7D17A2D09A}
	EndGlobalSection
EndGlobal
